{
    "_meta": {
        "hash": {
            "sha256": "f9762d4d66c734a6b943b8073f27c6c07f768159b3cbeaa57deb7d1778d5b7f3"
        },
        "host-environment-markers": {
            "implementation_name": "cpython",
            "implementation_version": "3.4.2",
            "os_name": "posix",
            "platform_machine": "x86_64",
            "platform_python_implementation": "CPython",
            "platform_release": "4.4.0-0.bpo.1-amd64",
            "platform_system": "Linux",
            "platform_version": "#1 SMP Debian 4.4.6-1~bpo8+1 (2016-03-20)",
            "python_full_version": "3.4.2",
            "python_version": "3.4",
            "sys_platform": "linux"
        },
        "pipfile-spec": 6,
        "requires": {},
        "sources": [
            {
                "name": "pypi",
                "url": "https://pypi.python.org/simple",
                "verify_ssl": true
            }
        ]
    },
    "default": {
        "beautifulsoup4": {
            "hashes": [
                "sha256:7015e76bf32f1f574636c4288399a6de66ce08fb7b2457f628a8d70c0fbabb11",
                "sha256:11a9a27b7d3bddc6d86f59fb76afb70e921a25ac2d6cc55b40d072bd68435a76",
                "sha256:808b6ac932dccb0a4126558f7dfdcf41710dd44a4ef497a0bb59a77f9f078e89"
            ],
            "version": "==4.6.0"
        },
        "lxml": {
            "hashes": [
                "sha256:7a8715539adb41c78129983ba69d852e0102a3f51d559eeb91dce1f6290c4ad0",
                "sha256:d3a98dda9831a37ef7f55c5e69c0d276c278f24978f5b36b9fad7eac05a22bfc",
                "sha256:1deacd52638da2d7fcb864c3949f0285638ec10e6aace93ce15c6a2e0ed91b95",
                "sha256:1548247ea3b50014a3ea55ad9446108df191b6a6e51aa8f5953c95b663f382ff",
                "sha256:5da6f5b31ea2b573cb20e88aefc6b49d849d07588ba60871342cae42f569b0d7",
                "sha256:12e348eb57fb79ccf91a49b7b937c49a5bbe1d73ba75589674b76a56d064bda0",
                "sha256:b9e1735918fc1e83c522b9f1048e6bc5af38af958e4efc843046e4b0075a021b",
                "sha256:fafeb4b190bd63ba2bcee2496d99cb7345fafbace6b999403010abdff8c05b72",
                "sha256:9007da6fb1b96fb1c9d7bd65e97bbbad60295abc19833d7e67e05314c1868f58",
                "sha256:cfbf0b956f33cda3af2a1438a2541549b69a7a240e71de7d8ca819b8f1547aac",
                "sha256:0a103253a94cdad86028d273aaebb8b30c75fdf009c23e52cdc8ce88429fd326",
                "sha256:b3d5a0ecf0c2c31c404246b6706b2e477159ee07b73be5102389ab250dd67701",
                "sha256:e92af0fd08c7d2176ad4be4a7c47fd800d6ee05046b41e36ed579c01fb106c25",
                "sha256:feb2144c2ae4035ad57165dd22bdc93b1389158a985c0497a096d39e2b2cd67b",
                "sha256:a4433655219b84a360dbdf2c34d9625c3988a272e6fc028222d528ad5902f6a2",
                "sha256:db98287cb1488eb103930a64444542f6ffe83694ef392f801aa56d648d905663",
                "sha256:307d325ee143b60b9c82912e96e9f4345200c33c8ae00b04b001e4c85fb5f146",
                "sha256:5caec9b174dbf927034d588669c62d2a9d0ce447365b20a3463f4daab1e4f03b",
                "sha256:fb816595494ce21191764572215f56edfbc6d9fbebd1491c8466502892989689",
                "sha256:10399bececdb67f0d9251ecf2dda2abf6ddeee6096741754356f1a3715c8c830",
                "sha256:c263fd15d27f3be93485fcd83a495cbbc35352512d9e31644d49a54504a1be2a",
                "sha256:c10ad53216d5af2b3ba63e65db793cb7dd7e598e17826938045e32f38b0e4814",
                "sha256:d42a5182d4b0953d02e5f46c9f0dc304be736fbaa1c0d2f11326182b9684b5f4",
                "sha256:dd7c22bf890d266e72c5e5c8c44555ffbfe4ca2a329da785e7d8b1972fc3ff74",
                "sha256:93df9805146980e83834ea9320baa6a56d8aea45f63d7d3cc721f71eb1a1bac6",
                "sha256:7ba1b62fe9414d73d493241011df952b72074808debc3a2d6d8a64fb9944edf6",
                "sha256:d2c121f5f77bed1e1eddeee23ee76fee8a3d48fa7a3aab589d12942f87778a9e",
                "sha256:be3aaeb5f468a49f523f16736ccff7d82af2b4b303292ba3d052b5b28f3fbe47"
            ],
            "version": "==4.1.0"
        }
    },
    "develop": {
        "decorator": {
            "hashes": [
                "sha256:95a26b17806e284452bfd97fa20aa1e8cb4ee23542bda4dbac5e4562aa1642cd",
                "sha256:7cb64d38cb8002971710c8899fbdfb859a23a364b7c99dab19d1f719c2ba16b5"
            ],
            "version": "==4.1.2"
        },
        "ipython": {
            "hashes": [
                "sha256:fcc6d46f08c3c4de7b15ae1c426e15be1b7932bcda9d83ce1a4304e8c1129df3",
                "sha256:51c158a6c8b899898d1c91c6b51a34110196815cc905f9be0fa5878e19355608"
            ],
            "version": "==6.2.1"
        },
        "ipython-genutils": {
            "hashes": [
                "sha256:72dd37233799e619666c9f639a9da83c34013a73e8bbc79a7a6348d93c61fab8",
                "sha256:eb2e116e75ecef9d4d228fdc66af54269afa26ab4463042e33785b887c628ba8"
            ],
            "version": "==0.2.0"
        },
        "jedi": {
            "hashes": [
                "sha256:3af518490ffcd00a3074c135b42511e081575e9abd115c216a34491411ceebb0",
                "sha256:f6d5973573e76b1fd2ea75f6dcd6445d02d41ff3af5fc61b275b4e323d1dd396"
            ],
            "version": "==0.11.0"
        },
        "parso": {
            "hashes": [
                "sha256:b573acb69f66a970197b5fdbbdfad3b8a417a520e383133b2b4e708f104bfc9a",
                "sha256:c5279916bb417aa2bf634648ff895cf35dce371d7319744884827bfad06f8d7b"
            ],
            "version": "==0.1.0"
        },
        "pexpect": {
            "hashes": [
                "sha256:f853b52afaf3b064d29854771e2db509ef80392509bde2dd7a6ecf2dfc3f0018",
                "sha256:3d132465a75b57aa818341c6521392a06cc660feb3988d7f1074f39bd23c9a92"
            ],
            "markers": "sys_platform != 'win32'",
            "version": "==4.2.1"
        },
        "pickleshare": {
            "hashes": [
                "sha256:c9a2541f25aeabc070f12f452e1f2a8eae2abd51e1cd19e8430402bdf4c1d8b5",
                "sha256:84a9257227dfdd6fe1b4be1319096c20eb85ff1e82c7932f36efccfe1b09737b"
            ],
            "version": "==0.7.4"
        },
        "prompt-toolkit": {
            "hashes": [
                "sha256:3f473ae040ddaa52b52f97f6b4a493cfa9f5920c255a12dc56a7d34397a398a4",
                "sha256:1df952620eccb399c53ebb359cc7d9a8d3a9538cb34c5a1344bdbeb29fbcc381",
                "sha256:858588f1983ca497f1cf4ffde01d978a3ea02b01c8a26a8bbc5cd2e66d816917"
            ],
            "version": "==1.0.15"
        },
        "ptyprocess": {
            "hashes": [
                "sha256:e8c43b5eee76b2083a9badde89fd1bbce6c8942d1045146e100b7b5e014f4f1a",
                "sha256:e64193f0047ad603b71f202332ab5527c5e52aa7c8b609704fc28c0dc20c4365"
            ],
            "version": "==0.5.2"
        },
        "pygments": {
            "hashes": [
                "sha256:78f3f434bcc5d6ee09020f92ba487f95ba50f1e3ef83ae96b9d5ffa1bab25c5d",
                "sha256:dbae1046def0efb574852fab9e90209b23f556367b5a320c0bcb871c77c3e8cc"
            ],
            "version": "==2.2.0"
        },
        "simplegeneric": {
            "hashes": [
                "sha256:dc972e06094b9af5b855b3df4a646395e43d1c9d0d39ed345b7393560d0b9173"
            ],
            "version": "==0.8.1"
        },
        "six": {
            "hashes": [
                "sha256:832dc0e10feb1aa2c68dcc57dbb658f1c7e65b9b61af69048abc87a2db00a0eb",
                "sha256:70e8a77beed4562e7f14fe23a786b54f6296e34344c23bc42f07b15018ff98e9"
            ],
            "version": "==1.11.0"
        },
        "traitlets": {
            "hashes": [
                "sha256:c6cb5e6f57c5a9bdaa40fa71ce7b4af30298fbab9ece9815b5d995ab6217c7d9",
                "sha256:9c4bd2d267b7153df9152698efb1050a5d84982d3384a37b2c1f7723ba3e7835"
            ],
            "version": "==4.3.2"
        },
        "typing": {
            "hashes": [
                "sha256:349b1f9c109c84b53ac79ac1d822eaa68fc91d63b321bd9392df15098f746f53",
                "sha256:63a8255fe7c6269916baa440eb9b6a67139b0b97a01af632e7bd2842e1e02f15",
                "sha256:d514bd84b284dd3e844f0305ac07511f097e325171f6cc4a20878d11ad771849"
            ],
            "version": "==3.6.2"
        },
        "wcwidth": {
            "hashes": [
                "sha256:f4ebe71925af7b40a864553f761ed559b43544f8f71746c2d756c7fe788ade7c",
                "sha256:3df37372226d6e63e1b1e1eda15c594bca98a22d33a23832a90998faa96bc65e"
            ],
            "version": "==0.1.7"
        }
    }
}
